// !$*UTF8*$!
{
	archiveVersion = 1;
	classes = {
	};
	objectVersion = 46;
	objects = {

/* Begin PBXBuildFile section */
		18B496FD1BE9FB1200C62549 /* main.m in Sources */ = {isa = PBXBuildFile; fileRef = 18B496FC1BE9FB1200C62549 /* main.m */; };
		18B497001BE9FB1200C62549 /* AppDelegate.m in Sources */ = {isa = PBXBuildFile; fileRef = 18B496FF1BE9FB1200C62549 /* AppDelegate.m */; };
		18B497031BE9FB1200C62549 /* ViewController.m in Sources */ = {isa = PBXBuildFile; fileRef = 18B497021BE9FB1200C62549 /* ViewController.m */; };
		18B497061BE9FB1200C62549 /* Main.storyboard in Resources */ = {isa = PBXBuildFile; fileRef = 18B497041BE9FB1200C62549 /* Main.storyboard */; };
		18B497081BE9FB1200C62549 /* Assets.xcassets in Resources */ = {isa = PBXBuildFile; fileRef = 18B497071BE9FB1200C62549 /* Assets.xcassets */; };
		18B4970B1BE9FB1200C62549 /* LaunchScreen.storyboard in Resources */ = {isa = PBXBuildFile; fileRef = 18B497091BE9FB1200C62549 /* LaunchScreen.storyboard */; };
		18B497161BE9FB1200C62549 /* calenderTests.m in Sources */ = {isa = PBXBuildFile; fileRef = 18B497151BE9FB1200C62549 /* calenderTests.m */; };
		18B497211BE9FB1200C62549 /* calenderUITests.m in Sources */ = {isa = PBXBuildFile; fileRef = 18B497201BE9FB1200C62549 /* calenderUITests.m */; };
/* End PBXBuildFile section */

/* Begin PBXContainerItemProxy section */
		18B497121BE9FB1200C62549 /* PBXContainerItemProxy */ = {
			isa = PBXContainerItemProxy;
			containerPortal = 18B496F01BE9FB1200C62549 /* Project object */;
			proxyType = 1;
			remoteGlobalIDString = 18B496F71BE9FB1200C62549;
			remoteInfo = calender;
		};
		18B4971D1BE9FB1200C62549 /* PBXContainerItemProxy */ = {
			isa = PBXContainerItemProxy;
			containerPortal = 18B496F01BE9FB1200C62549 /* Project object */;
			proxyType = 1;
			remoteGlobalIDString = 18B496F71BE9FB1200C62549;
			remoteInfo = calender;
		};
/* End PBXContainerItemProxy section */

/* Begin PBXFileReference section */
		18B496F81BE9FB1200C62549 /* calender.app */ = {isa = PBXFileReference; explicitFileType = wrapper.application; includeInIndex = 0; path = calender.app; sourceTree = BUILT_PRODUCTS_DIR; };
		18B496FC1BE9FB1200C62549 /* main.m */ = {isa = PBXFileReference; lastKnownFileType = sourcecode.c.objc; path = main.m; sourceTree = "<group>"; };
		18B496FE1BE9FB1200C62549 /* AppDelegate.h */ = {isa = PBXFileReference; lastKnownFileType = sourcecode.c.h; path = AppDelegate.h; sourceTree = "<group>"; };
		18B496FF1BE9FB1200C62549 /* AppDelegate.m */ = {isa = PBXFileReference; lastKnownFileType = sourcecode.c.objc; path = AppDelegate.m; sourceTree = "<group>"; };
		18B497011BE9FB1200C62549 /* ViewController.h */ = {isa = PBXFileReference; lastKnownFileType = sourcecode.c.h; path = ViewController.h; sourceTree = "<group>"; };
		18B497021BE9FB1200C62549 /* ViewController.m */ = {isa = PBXFileReference; lastKnownFileType = sourcecode.c.objc; path = ViewController.m; sourceTree = "<group>"; };
		18B497051BE9FB1200C62549 /* Base */ = {isa = PBXFileReference; lastKnownFileType = file.storyboard; name = Base; path = Base.lproj/Main.storyboard; sourceTree = "<group>"; };
		18B497071BE9FB1200C62549 /* Assets.xcassets */ = {isa = PBXFileReference; lastKnownFileType = folder.assetcatalog; path = Assets.xcassets; sourceTree = "<group>"; };
		18B4970A1BE9FB1200C62549 /* Base */ = {isa = PBXFileReference; lastKnownFileType = file.storyboard; name = Base; path = Base.lproj/LaunchScreen.storyboard; sourceTree = "<group>"; };
		18B4970C1BE9FB1200C62549 /* Info.plist */ = {isa = PBXFileReference; lastKnownFileType = text.plist.xml; path = Info.plist; sourceTree = "<group>"; };
		18B497111BE9FB1200C62549 /* calenderTests.xctest */ = {isa = PBXFileReference; explicitFileType = wrapper.cfbundle; includeInIndex = 0; path = calenderTests.xctest; sourceTree = BUILT_PRODUCTS_DIR; };
		18B497151BE9FB1200C62549 /* calenderTests.m */ = {isa = PBXFileReference; lastKnownFileType = sourcecode.c.objc; path = calenderTests.m; sourceTree = "<group>"; };
		18B497171BE9FB1200C62549 /* Info.plist */ = {isa = PBXFileReference; lastKnownFileType = text.plist.xml; path = Info.plist; sourceTree = "<group>"; };
		18B4971C1BE9FB1200C62549 /* calenderUITests.xctest */ = {isa = PBXFileReference; explicitFileType = wrapper.cfbundle; includeInIndex = 0; path = calenderUITests.xctest; sourceTree = BUILT_PRODUCTS_DIR; };
		18B497201BE9FB1200C62549 /* calenderUITests.m */ = {isa = PBXFileReference; lastKnownFileType = sourcecode.c.objc; path = calenderUITests.m; sourceTree = "<group>"; };
		18B497221BE9FB1200C62549 /* Info.plist */ = {isa = PBXFileReference; lastKnownFileType = text.plist.xml; path = Info.plist; sourceTree = "<group>"; };
/* End PBXFileReference section */

/* Begin PBXFrameworksBuildPhase section */
		18B496F51BE9FB1200C62549 /* Frameworks */ = {
			isa = PBXFrameworksBuildPhase;
			buildActionMask = 2147483647;
			files = (
			);
			runOnlyForDeploymentPostprocessing = 0;
		};
		18B4970E1BE9FB1200C62549 /* Frameworks */ = {
			isa = PBXFrameworksBuildPhase;
			buildActionMask = 2147483647;
			files = (
			);
			runOnlyForDeploymentPostprocessing = 0;
		};
		18B497191BE9FB1200C62549 /* Frameworks */ = {
			isa = PBXFrameworksBuildPhase;
			buildActionMask = 2147483647;
			files = (
			);
			runOnlyForDeploymentPostprocessing = 0;
		};
/* End PBXFrameworksBuildPhase section */

/* Begin PBXGroup section */
		18B496EF1BE9FB1200C62549 = {
			isa = PBXGroup;
			children = (
				18B496FA1BE9FB1200C62549 /* calender */,
				18B497141BE9FB1200C62549 /* calenderTests */,
				18B4971F1BE9FB1200C62549 /* calenderUITests */,
				18B496F91BE9FB1200C62549 /* Products */,
			);
			sourceTree = "<group>";
		};
		18B496F91BE9FB1200C62549 /* Products */ = {
			isa = PBXGroup;
			children = (
				18B496F81BE9FB1200C62549 /* calender.app */,
				18B497111BE9FB1200C62549 /* calenderTests.xctest */,
				18B4971C1BE9FB1200C62549 /* calenderUITests.xctest */,
			);
			name = Products;
			sourceTree = "<group>";
		};
		18B496FA1BE9FB1200C62549 /* calender */ = {
			isa = PBXGroup;
			children = (
				18B496FE1BE9FB1200C62549 /* AppDelegate.h */,
				18B496FF1BE9FB1200C62549 /* AppDelegate.m */,
				18B497011BE9FB1200C62549 /* ViewController.h */,
				18B497021BE9FB1200C62549 /* ViewController.m */,
				18B497041BE9FB1200C62549 /* Main.storyboard */,
				18B497071BE9FB1200C62549 /* Assets.xcassets */,
				18B497091BE9FB1200C62549 /* LaunchScreen.storyboard */,
				18B4970C1BE9FB1200C62549 /* Info.plist */,
				18B496FB1BE9FB1200C62549 /* Supporting Files */,
			);
			path = calender;
			sourceTree = "<group>";
		};
		18B496FB1BE9FB1200C62549 /* Supporting Files */ = {
			isa = PBXGroup;
			children = (
				18B496FC1BE9FB1200C62549 /* main.m */,
			);
			name = "Supporting Files";
			sourceTree = "<group>";
		};
		18B497141BE9FB1200C62549 /* calenderTests */ = {
			isa = PBXGroup;
			children = (
				18B497151BE9FB1200C62549 /* calenderTests.m */,
				18B497171BE9FB1200C62549 /* Info.plist */,
			);
			path = calenderTests;
			sourceTree = "<group>";
		};
		18B4971F1BE9FB1200C62549 /* calenderUITests */ = {
			isa = PBXGroup;
			children = (
				18B497201BE9FB1200C62549 /* calenderUITests.m */,
				18B497221BE9FB1200C62549 /* Info.plist */,
			);
			path = calenderUITests;
			sourceTree = "<group>";
		};
/* End PBXGroup section */

/* Begin PBXNativeTarget section */
		18B496F71BE9FB1200C62549 /* calender */ = {
			isa = PBXNativeTarget;
			buildConfigurationList = 18B497251BE9FB1200C62549 /* Build configuration list for PBXNativeTarget "calender" */;
			buildPhases = (
				18B496F41BE9FB1200C62549 /* Sources */,
				18B496F51BE9FB1200C62549 /* Frameworks */,
				18B496F61BE9FB1200C62549 /* Resources */,
			);
			buildRules = (
			);
			dependencies = (
			);
			name = calender;
			productName = calender;
			productReference = 18B496F81BE9FB1200C62549 /* calender.app */;
			productType = "com.apple.product-type.application";
		};
		18B497101BE9FB1200C62549 /* calenderTests */ = {
			isa = PBXNativeTarget;
			buildConfigurationList = 18B497281BE9FB1200C62549 /* Build configuration list for PBXNativeTarget "calenderTests" */;
			buildPhases = (
				18B4970D1BE9FB1200C62549 /* Sources */,
				18B4970E1BE9FB1200C62549 /* Frameworks */,
				18B4970F1BE9FB1200C62549 /* Resources */,
			);
			buildRules = (
			);
			dependencies = (
				18B497131BE9FB1200C62549 /* PBXTargetDependency */,
			);
			name = calenderTests;
			productName = calenderTests;
			productReference = 18B497111BE9FB1200C62549 /* calenderTests.xctest */;
			productType = "com.apple.product-type.bundle.unit-test";
		};
		18B4971B1BE9FB1200C62549 /* calenderUITests */ = {
			isa = PBXNativeTarget;
			buildConfigurationList = 18B4972B1BE9FB1200C62549 /* Build configuration list for PBXNativeTarget "calenderUITests" */;
			buildPhases = (
				18B497181BE9FB1200C62549 /* Sources */,
				18B497191BE9FB1200C62549 /* Frameworks */,
				18B4971A1BE9FB1200C62549 /* Resources */,
			);
			buildRules = (
			);
			dependencies = (
				18B4971E1BE9FB1200C62549 /* PBXTargetDependency */,
			);
			name = calenderUITests;
			productName = calenderUITests;
			productReference = 18B4971C1BE9FB1200C62549 /* calenderUITests.xctest */;
			productType = "com.apple.product-type.bundle.ui-testing";
		};
/* End PBXNativeTarget section */

/* Begin PBXProject section */
		18B496F01BE9FB1200C62549 /* Project object */ = {
			isa = PBXProject;
			attributes = {
				LastUpgradeCheck = 0700;
				ORGANIZATIONNAME = TabBarController;
				TargetAttributes = {
					18B496F71BE9FB1200C62549 = {
						CreatedOnToolsVersion = 7.0;
					};
					18B497101BE9FB1200C62549 = {
						CreatedOnToolsVersion = 7.0;
						TestTargetID = 18B496F71BE9FB1200C62549;
					};
					18B4971B1BE9FB1200C62549 = {
						CreatedOnToolsVersion = 7.0;
						TestTargetID = 18B496F71BE9FB1200C62549;
					};
				};
			};
			buildConfigurationList = 18B496F31BE9FB1200C62549 /* Build configuration list for PBXProject "calender" */;
			compatibilityVersion = "Xcode 3.2";
			developmentRegion = English;
			hasScannedForEncodings = 0;
			knownRegions = (
				en,
				Base,
			);
			mainGroup = 18B496EF1BE9FB1200C62549;
			productRefGroup = 18B496F91BE9FB1200C62549 /* Products */;
			projectDirPath = "";
			projectRoot = "";
			targets = (
				18B496F71BE9FB1200C62549 /* calender */,
				18B497101BE9FB1200C62549 /* calenderTests */,
				18B4971B1BE9FB1200C62549 /* calenderUITests */,
			);
		};
/* End PBXProject section */

/* Begin PBXResourcesBuildPhase section */
		18B496F61BE9FB1200C62549 /* Resources */ = {
			isa = PBXResourcesBuildPhase;
			buildActionMask = 2147483647;
			files = (
				18B4970B1BE9FB1200C62549 /* LaunchScreen.storyboard in Resources */,
				18B497081BE9FB1200C62549 /* Assets.xcassets in Resources */,
				18B497061BE9FB1200C62549 /* Main.storyboard in Resources */,
			);
			runOnlyForDeploymentPostprocessing = 0;
		};
		18B4970F1BE9FB1200C62549 /* Resources */ = {
			isa = PBXResourcesBuildPhase;
			buildActionMask = 2147483647;
			files = (
			);
			runOnlyForDeploymentPostprocessing = 0;
		};
		18B4971A1BE9FB1200C62549 /* Resources */ = {
			isa = PBXResourcesBuildPhase;
			buildActionMask = 2147483647;
			files = (
			);
			runOnlyForDeploymentPostprocessing = 0;
		};
/* End PBXResourcesBuildPhase section */

/* Begin PBXSourcesBuildPhase section */
		18B496F41BE9FB1200C62549 /* Sources */ = {
			isa = PBXSourcesBuildPhase;
			buildActionMask = 2147483647;
			files = (
				18B497031BE9FB1200C62549 /* ViewController.m in Sources */,
				18B497001BE9FB1200C62549 /* AppDelegate.m in Sources */,
				18B496FD1BE9FB1200C62549 /* main.m in Sources */,
			);
			runOnlyForDeploymentPostprocessing = 0;
		};
		18B4970D1BE9FB1200C62549 /* Sources */ = {
			isa = PBXSourcesBuildPhase;
			buildActionMask = 2147483647;
			files = (
				18B497161BE9FB1200C62549 /* calenderTests.m in Sources */,
			);
			runOnlyForDeploymentPostprocessing = 0;
		};
		18B497181BE9FB1200C62549 /* Sources */ = {
			isa = PBXSourcesBuildPhase;
			buildActionMask = 2147483647;
			files = (
				18B497211BE9FB1200C62549 /* calenderUITests.m in Sources */,
			);
			runOnlyForDeploymentPostprocessing = 0;
		};
/* End PBXSourcesBuildPhase section */

/* Begin PBXTargetDependency section */
		18B497131BE9FB1200C62549 /* PBXTargetDependency */ = {
			isa = PBXTargetDependency;
			target = 18B496F71BE9FB1200C62549 /* calender */;
			targetProxy = 18B497121BE9FB1200C62549 /* PBXContainerItemProxy */;
		};
		18B4971E1BE9FB1200C62549 /* PBXTargetDependency */ = {
			isa = PBXTargetDependency;
			target = 18B496F71BE9FB1200C62549 /* calender */;
			targetProxy = 18B4971D1BE9FB1200C62549 /* PBXContainerItemProxy */;
		};
/* End PBXTargetDependency section */

/* Begin PBXVariantGroup section */
		18B497041BE9FB1200C62549 /* Main.storyboard */ = {
			isa = PBXVariantGroup;
			children = (
				18B497051BE9FB1200C62549 /* Base */,
			);
			name = Main.storyboard;
			sourceTree = "<group>";
		};
		18B497091BE9FB1200C62549 /* LaunchScreen.storyboard */ = {
			isa = PBXVariantGroup;
			children = (
				18B4970A1BE9FB1200C62549 /* Base */,
			);
			name = LaunchScreen.storyboard;
			sourceTree = "<group>";
		};
/* End PBXVariantGroup section */

/* Begin XCBuildConfiguration section */
		18B497231BE9FB1200C62549 /* Debug */ = {
			isa = XCBuildConfiguration;
			buildSettings = {
				ALWAYS_SEARCH_USER_PATHS = NO;
				CLANG_CXX_LANGUAGE_STANDARD = "gnu++0x";
				CLANG_CXX_LIBRARY = "libc++";
				CLANG_ENABLE_MODULES = YES;
				CLANG_ENABLE_OBJC_ARC = YES;
				CLANG_WARN_BOOL_CONVERSION = YES;
				CLANG_WARN_CONSTANT_CONVERSION = YES;
				CLANG_WARN_DIRECT_OBJC_ISA_USAGE = YES_ERROR;
				CLANG_WARN_EMPTY_BODY = YES;
				CLANG_WARN_ENUM_CONVERSION = YES;
				CLANG_WARN_INT_CONVERSION = YES;
				CLANG_WARN_OBJC_ROOT_CLASS = YES_ERROR;
				CLANG_WARN_UNREACHABLE_CODE = YES;
				CLANG_WARN__DUPLICATE_METHOD_MATCH = YES;
				"CODE_SIGN_IDENTITY[sdk=iphoneos*]" = "iPhone Developer";
				COPY_PHASE_STRIP = NO;
				DEBUG_INFORMATION_FORMAT = dwarf;
				ENABLE_STRICT_OBJC_MSGSEND = YES;
				ENABLE_TESTABILITY = YES;
				GCC_C_LANGUAGE_STANDARD = gnu99;
				GCC_DYNAMIC_NO_PIC = NO;
				GCC_NO_COMMON_BLOCKS = YES;
				GCC_OPTIMIZATION_LEVEL = 0;
				GCC_PREPROCESSOR_DEFINITIONS = (
					"DEBUG=1",
					"$(inherited)",
				);
				GCC_WARN_64_TO_32_BIT_CONVERSION = YES;
				GCC_WARN_ABOUT_RETURN_TYPE = YES_ERROR;
				GCC_WARN_UNDECLARED_SELECTOR = YES;
				GCC_WARN_UNINITIALIZED_AUTOS = YES_AGGRESSIVE;
				GCC_WARN_UNUSED_FUNCTION = YES;
				GCC_WARN_UNUSED_VARIABLE = YES;
				IPHONEOS_DEPLOYMENT_TARGET = 9.0;
				MTL_ENABLE_DEBUG_INFO = YES;
				ONLY_ACTIVE_ARCH = YES;
				SDKROOT = iphoneos;
			};
			name = Debug;
		};
		18B497241BE9FB1200C62549 /* Release */ = {
			isa = XCBuildConfiguration;
			buildSettings = {
				ALWAYS_SEARCH_USER_PATHS = NO;
				CLANG_CXX_LANGUAGE_STANDARD = "gnu++0x";
				CLANG_CXX_LIBRARY = "libc++";
				CLANG_ENABLE_MODULES = YES;
				CLANG_ENABLE_OBJC_ARC = YES;
				CLANG_WARN_BOOL_CONVERSION = YES;
				CLANG_WARN_CONSTANT_CONVERSION = YES;
				CLANG_WARN_DIRECT_OBJC_ISA_USAGE = YES_ERROR;
				CLANG_WARN_EMPTY_BODY = YES;
				CLANG_WARN_ENUM_CONVERSION = YES;
				CLANG_WARN_INT_CONVERSION = YES;
				CLANG_WARN_OBJC_ROOT_CLASS = YES_ERROR;
				CLANG_WARN_UNREACHABLE_CODE = YES;
				CLANG_WARN__DUPLICATE_METHOD_MATCH = YES;
				"CODE_SIGN_IDENTITY[sdk=iphoneos*]" = "iPhone Developer";
				COPY_PHASE_STRIP = NO;
				DEBUG_INFORMATION_FORMAT = "dwarf-with-dsym";
				ENABLE_NS_ASSERTIONS = NO;
				ENABLE_STRICT_OBJC_MSGSEND = YES;
				GCC_C_LANGUAGE_STANDARD = gnu99;
				GCC_NO_COMMON_BLOCKS = YES;
				GCC_WARN_64_TO_32_BIT_CONVERSION = YES;
				GCC_WARN_ABOUT_RETURN_TYPE = YES_ERROR;
				GCC_WARN_UNDECLARED_SELECTOR = YES;
				GCC_WARN_UNINITIALIZED_AUTOS = YES_AGGRESSIVE;
				GCC_WARN_UNUSED_FUNCTION = YES;
				GCC_WARN_UNUSED_VARIABLE = YES;
				IPHONEOS_DEPLOYMENT_TARGET = 9.0;
				MTL_ENABLE_DEBUG_INFO = NO;
				SDKROOT = iphoneos;
				VALIDATE_PRODUCT = YES;
			};
			name = Release;
		};
		18B497261BE9FB1200C62549 /* Debug */ = {
			isa = XCBuildConfiguration;
			buildSettings = {
				ASSETCATALOG_COMPILER_APPICON_NAME = AppIcon;
				INFOPLIST_FILE = calender/Info.plist;
				LD_RUNPATH_SEARCH_PATHS = "$(inherited) @executable_path/Frameworks";
				PRODUCT_BUNDLE_IDENTIFIER = com..calender;
				PRODUCT_NAME = "$(TARGET_NAME)";
			};
			name = Debug;
		};
		18B497271BE9FB1200C62549 /* Release */ = {
			isa = XCBuildConfiguration;
			buildSettings = {
				ASSETCATALOG_COMPILER_APPICON_NAME = AppIcon;
				INFOPLIST_FILE = calender/Info.plist;
				LD_RUNPATH_SEARCH_PATHS = "$(inherited) @executable_path/Frameworks";
				PRODUCT_BUNDLE_IDENTIFIER = com..calender;
				PRODUCT_NAME = "$(TARGET_NAME)";
			};
			name = Release;
		};
		18B497291BE9FB1200C62549 /* Debug */ = {
			isa = XCBuildConfiguration;
			buildSettings = {
				BUNDLE_LOADER = "$(TEST_HOST)";
				INFOPLIST_FILE = calenderTests/Info.plist;
				LD_RUNPATH_SEARCH_PATHS = "$(inherited) @executable_path/Frameworks @loader_path/Frameworks";
				PRODUCT_BUNDLE_IDENTIFIER = com..calenderTests;
				PRODUCT_NAME = "$(TARGET_NAME)";
				TEST_HOST = "$(BUILT_PRODUCTS_DIR)/calender.app/calender";
			};
			name = Debug;
		};
		18B4972A1BE9FB1200C62549 /* Release */ = {
			isa = XCBuildConfiguration;
			buildSettings = {
				BUNDLE_LOADER = "$(TEST_HOST)";
				INFOPLIST_FILE = calenderTests/Info.plist;
				LD_RUNPATH_SEARCH_PATHS = "$(inherited) @executable_path/Frameworks @loader_path/Frameworks";
				PRODUCT_BUNDLE_IDENTIFIER = com..calenderTests;
				PRODUCT_NAME = "$(TARGET_NAME)";
				TEST_HOST = "$(BUILT_PRODUCTS_DIR)/calender.app/calender";
			};
			name = Release;
		};
		18B4972C1BE9FB1200C62549 /* Debug */ = {
			isa = XCBuildConfiguration;
			buildSettings = {
				INFOPLIST_FILE = calenderUITests/Info.plist;
				LD_RUNPATH_SEARCH_PATHS = "$(inherited) @executable_path/Frameworks @loader_path/Frameworks";
				PRODUCT_BUNDLE_IDENTIFIER = com..calenderUITests;
				PRODUCT_NAME = "$(TARGET_NAME)";
				TEST_TARGET_NAME = calender;
				USES_XCTRUNNER = YES;
			};
			name = Debug;
		};
		18B4972D1BE9FB1200C62549 /* Release */ = {
			isa = XCBuildConfiguration;
			buildSettings = {
				INFOPLIST_FILE = calenderUITests/Info.plist;
				LD_RUNPATH_SEARCH_PATHS = "$(inherited) @executable_path/Frameworks @loader_path/Frameworks";
				PRODUCT_BUNDLE_IDENTIFIER = com..calenderUITests;
				PRODUCT_NAME = "$(TARGET_NAME)";
				TEST_TARGET_NAME = calender;
				USES_XCTRUNNER = YES;
			};
			name = Release;
		};
/* End XCBuildConfiguration section */

/* Begin XCConfigurationList section */
		18B496F31BE9FB1200C62549 /* Build configuration list for PBXProject "calender" */ = {
			isa = XCConfigurationList;
			buildConfigurations = (
				18B497231BE9FB1200C62549 /* Debug */,
				18B497241BE9FB1200C62549 /* Release */,
			);
			defaultConfigurationIsVisible = 0;
			defaultConfigurationName = Release;
		};
		18B497251BE9FB1200C62549 /* Build configuration list for PBXNativeTarget "calender" */ = {
			isa = XCConfigurationList;
			buildConfigurations = (
				18B497261BE9FB1200C62549 /* Debug */,
				18B497271BE9FB1200C62549 /* Release */,
			);
			defaultConfigurationIsVisible = 0;
		};
		18B497281BE9FB1200C62549 /* Build configuration list for PBXNativeTarget "calenderTests" */ = {
			isa = XCConfigurationList;
			buildConfigurations = (
				18B497291BE9FB1200C62549 /* Debug */,
				18B4972A1BE9FB1200C62549 /* Release */,
			);
			defaultConfigurationIsVisible = 0;
		};
		18B4972B1BE9FB1200C62549 /* Build configuration list for PBXNativeTarget "calenderUITests" */ = {
			isa = XCConfigurationList;
			buildConfigurations = (
				18B4972C1BE9FB1200C62549 /* Debug */,
				18B4972D1BE9FB1200C62549 /* Release */,
			);
			defaultConfigurationIsVisible = 0;
		};
/* End XCConfigurationList section */
	};
	rootObject = 18B496F01BE9FB1200C62549 /* Project object */;
}
