// !$*UTF8*$!
{
	archiveVersion = 1;
	classes = {
	};
	objectVersion = 46;
	objects = {

/* Begin PBXBuildFile section */
		18DADE6F1C05A06C00485CA5 /* main.m in Sources */ = {isa = PBXBuildFile; fileRef = 18DADE6E1C05A06C00485CA5 /* main.m */; };
		18DADE721C05A06C00485CA5 /* AppDelegate.m in Sources */ = {isa = PBXBuildFile; fileRef = 18DADE711C05A06C00485CA5 /* AppDelegate.m */; };
		18DADE751C05A06C00485CA5 /* ViewController.m in Sources */ = {isa = PBXBuildFile; fileRef = 18DADE741C05A06C00485CA5 /* ViewController.m */; };
		18DADE781C05A06C00485CA5 /* Main.storyboard in Resources */ = {isa = PBXBuildFile; fileRef = 18DADE761C05A06C00485CA5 /* Main.storyboard */; };
		18DADE7A1C05A06C00485CA5 /* Assets.xcassets in Resources */ = {isa = PBXBuildFile; fileRef = 18DADE791C05A06C00485CA5 /* Assets.xcassets */; };
		18DADE7D1C05A06C00485CA5 /* LaunchScreen.storyboard in Resources */ = {isa = PBXBuildFile; fileRef = 18DADE7B1C05A06C00485CA5 /* LaunchScreen.storyboard */; };
		18DADE881C05A06C00485CA5 /* _______Tests.m in Sources */ = {isa = PBXBuildFile; fileRef = 18DADE871C05A06C00485CA5 /* _______Tests.m */; };
		18DADE931C05A06C00485CA5 /* _______UITests.m in Sources */ = {isa = PBXBuildFile; fileRef = 18DADE921C05A06C00485CA5 /* _______UITests.m */; };
		18DADEA21C05A0A100485CA5 /* customView.m in Sources */ = {isa = PBXBuildFile; fileRef = 18DADEA11C05A0A100485CA5 /* customView.m */; };
/* End PBXBuildFile section */

/* Begin PBXContainerItemProxy section */
		18DADE841C05A06C00485CA5 /* PBXContainerItemProxy */ = {
			isa = PBXContainerItemProxy;
			containerPortal = 18DADE621C05A06C00485CA5 /* Project object */;
			proxyType = 1;
			remoteGlobalIDString = 18DADE691C05A06C00485CA5;
			remoteInfo = "绘图——进度条";
		};
		18DADE8F1C05A06C00485CA5 /* PBXContainerItemProxy */ = {
			isa = PBXContainerItemProxy;
			containerPortal = 18DADE621C05A06C00485CA5 /* Project object */;
			proxyType = 1;
			remoteGlobalIDString = 18DADE691C05A06C00485CA5;
			remoteInfo = "绘图——进度条";
		};
/* End PBXContainerItemProxy section */

/* Begin PBXFileReference section */
		18DADE6A1C05A06C00485CA5 /* 绘图——进度条.app */ = {isa = PBXFileReference; explicitFileType = wrapper.application; includeInIndex = 0; path = "绘图——进度条.app"; sourceTree = BUILT_PRODUCTS_DIR; };
		18DADE6E1C05A06C00485CA5 /* main.m */ = {isa = PBXFileReference; lastKnownFileType = sourcecode.c.objc; path = main.m; sourceTree = "<group>"; };
		18DADE701C05A06C00485CA5 /* AppDelegate.h */ = {isa = PBXFileReference; lastKnownFileType = sourcecode.c.h; path = AppDelegate.h; sourceTree = "<group>"; };
		18DADE711C05A06C00485CA5 /* AppDelegate.m */ = {isa = PBXFileReference; lastKnownFileType = sourcecode.c.objc; path = AppDelegate.m; sourceTree = "<group>"; };
		18DADE731C05A06C00485CA5 /* ViewController.h */ = {isa = PBXFileReference; lastKnownFileType = sourcecode.c.h; path = ViewController.h; sourceTree = "<group>"; };
		18DADE741C05A06C00485CA5 /* ViewController.m */ = {isa = PBXFileReference; lastKnownFileType = sourcecode.c.objc; path = ViewController.m; sourceTree = "<group>"; };
		18DADE771C05A06C00485CA5 /* Base */ = {isa = PBXFileReference; lastKnownFileType = file.storyboard; name = Base; path = Base.lproj/Main.storyboard; sourceTree = "<group>"; };
		18DADE791C05A06C00485CA5 /* Assets.xcassets */ = {isa = PBXFileReference; lastKnownFileType = folder.assetcatalog; path = Assets.xcassets; sourceTree = "<group>"; };
		18DADE7C1C05A06C00485CA5 /* Base */ = {isa = PBXFileReference; lastKnownFileType = file.storyboard; name = Base; path = Base.lproj/LaunchScreen.storyboard; sourceTree = "<group>"; };
		18DADE7E1C05A06C00485CA5 /* Info.plist */ = {isa = PBXFileReference; lastKnownFileType = text.plist.xml; path = Info.plist; sourceTree = "<group>"; };
		18DADE831C05A06C00485CA5 /* 绘图——进度条Tests.xctest */ = {isa = PBXFileReference; explicitFileType = wrapper.cfbundle; includeInIndex = 0; path = "绘图——进度条Tests.xctest"; sourceTree = BUILT_PRODUCTS_DIR; };
		18DADE871C05A06C00485CA5 /* _______Tests.m */ = {isa = PBXFileReference; lastKnownFileType = sourcecode.c.objc; path = "_______Tests.m"; sourceTree = "<group>"; };
		18DADE891C05A06C00485CA5 /* Info.plist */ = {isa = PBXFileReference; lastKnownFileType = text.plist.xml; path = Info.plist; sourceTree = "<group>"; };
		18DADE8E1C05A06C00485CA5 /* 绘图——进度条UITests.xctest */ = {isa = PBXFileReference; explicitFileType = wrapper.cfbundle; includeInIndex = 0; path = "绘图——进度条UITests.xctest"; sourceTree = BUILT_PRODUCTS_DIR; };
		18DADE921C05A06C00485CA5 /* _______UITests.m */ = {isa = PBXFileReference; lastKnownFileType = sourcecode.c.objc; path = "_______UITests.m"; sourceTree = "<group>"; };
		18DADE941C05A06C00485CA5 /* Info.plist */ = {isa = PBXFileReference; lastKnownFileType = text.plist.xml; path = Info.plist; sourceTree = "<group>"; };
		18DADEA01C05A0A100485CA5 /* customView.h */ = {isa = PBXFileReference; fileEncoding = 4; lastKnownFileType = sourcecode.c.h; path = customView.h; sourceTree = "<group>"; };
		18DADEA11C05A0A100485CA5 /* customView.m */ = {isa = PBXFileReference; fileEncoding = 4; lastKnownFileType = sourcecode.c.objc; path = customView.m; sourceTree = "<group>"; };
/* End PBXFileReference section */

/* Begin PBXFrameworksBuildPhase section */
		18DADE671C05A06C00485CA5 /* Frameworks */ = {
			isa = PBXFrameworksBuildPhase;
			buildActionMask = 2147483647;
			files = (
			);
			runOnlyForDeploymentPostprocessing = 0;
		};
		18DADE801C05A06C00485CA5 /* Frameworks */ = {
			isa = PBXFrameworksBuildPhase;
			buildActionMask = 2147483647;
			files = (
			);
			runOnlyForDeploymentPostprocessing = 0;
		};
		18DADE8B1C05A06C00485CA5 /* Frameworks */ = {
			isa = PBXFrameworksBuildPhase;
			buildActionMask = 2147483647;
			files = (
			);
			runOnlyForDeploymentPostprocessing = 0;
		};
/* End PBXFrameworksBuildPhase section */

/* Begin PBXGroup section */
		18DADE611C05A06C00485CA5 = {
			isa = PBXGroup;
			children = (
				18DADE6C1C05A06C00485CA5 /* 绘图——进度条 */,
				18DADE861C05A06C00485CA5 /* 绘图——进度条Tests */,
				18DADE911C05A06C00485CA5 /* 绘图——进度条UITests */,
				18DADE6B1C05A06C00485CA5 /* Products */,
			);
			sourceTree = "<group>";
		};
		18DADE6B1C05A06C00485CA5 /* Products */ = {
			isa = PBXGroup;
			children = (
				18DADE6A1C05A06C00485CA5 /* 绘图——进度条.app */,
				18DADE831C05A06C00485CA5 /* 绘图——进度条Tests.xctest */,
				18DADE8E1C05A06C00485CA5 /* 绘图——进度条UITests.xctest */,
			);
			name = Products;
			sourceTree = "<group>";
		};
		18DADE6C1C05A06C00485CA5 /* 绘图——进度条 */ = {
			isa = PBXGroup;
			children = (
				18DADE701C05A06C00485CA5 /* AppDelegate.h */,
				18DADE711C05A06C00485CA5 /* AppDelegate.m */,
				18DADE731C05A06C00485CA5 /* ViewController.h */,
				18DADE741C05A06C00485CA5 /* ViewController.m */,
				18DADEA01C05A0A100485CA5 /* customView.h */,
				18DADEA11C05A0A100485CA5 /* customView.m */,
				18DADE761C05A06C00485CA5 /* Main.storyboard */,
				18DADE791C05A06C00485CA5 /* Assets.xcassets */,
				18DADE7B1C05A06C00485CA5 /* LaunchScreen.storyboard */,
				18DADE7E1C05A06C00485CA5 /* Info.plist */,
				18DADE6D1C05A06C00485CA5 /* Supporting Files */,
			);
			path = "绘图——进度条";
			sourceTree = "<group>";
		};
		18DADE6D1C05A06C00485CA5 /* Supporting Files */ = {
			isa = PBXGroup;
			children = (
				18DADE6E1C05A06C00485CA5 /* main.m */,
			);
			name = "Supporting Files";
			sourceTree = "<group>";
		};
		18DADE861C05A06C00485CA5 /* 绘图——进度条Tests */ = {
			isa = PBXGroup;
			children = (
				18DADE871C05A06C00485CA5 /* _______Tests.m */,
				18DADE891C05A06C00485CA5 /* Info.plist */,
			);
			path = "绘图——进度条Tests";
			sourceTree = "<group>";
		};
		18DADE911C05A06C00485CA5 /* 绘图——进度条UITests */ = {
			isa = PBXGroup;
			children = (
				18DADE921C05A06C00485CA5 /* _______UITests.m */,
				18DADE941C05A06C00485CA5 /* Info.plist */,
			);
			path = "绘图——进度条UITests";
			sourceTree = "<group>";
		};
/* End PBXGroup section */

/* Begin PBXNativeTarget section */
		18DADE691C05A06C00485CA5 /* 绘图——进度条 */ = {
			isa = PBXNativeTarget;
			buildConfigurationList = 18DADE971C05A06C00485CA5 /* Build configuration list for PBXNativeTarget "绘图——进度条" */;
			buildPhases = (
				18DADE661C05A06C00485CA5 /* Sources */,
				18DADE671C05A06C00485CA5 /* Frameworks */,
				18DADE681C05A06C00485CA5 /* Resources */,
			);
			buildRules = (
			);
			dependencies = (
			);
			name = "绘图——进度条";
			productName = "绘图——进度条";
			productReference = 18DADE6A1C05A06C00485CA5 /* 绘图——进度条.app */;
			productType = "com.apple.product-type.application";
		};
		18DADE821C05A06C00485CA5 /* 绘图——进度条Tests */ = {
			isa = PBXNativeTarget;
			buildConfigurationList = 18DADE9A1C05A06C00485CA5 /* Build configuration list for PBXNativeTarget "绘图——进度条Tests" */;
			buildPhases = (
				18DADE7F1C05A06C00485CA5 /* Sources */,
				18DADE801C05A06C00485CA5 /* Frameworks */,
				18DADE811C05A06C00485CA5 /* Resources */,
			);
			buildRules = (
			);
			dependencies = (
				18DADE851C05A06C00485CA5 /* PBXTargetDependency */,
			);
			name = "绘图——进度条Tests";
			productName = "绘图——进度条Tests";
			productReference = 18DADE831C05A06C00485CA5 /* 绘图——进度条Tests.xctest */;
			productType = "com.apple.product-type.bundle.unit-test";
		};
		18DADE8D1C05A06C00485CA5 /* 绘图——进度条UITests */ = {
			isa = PBXNativeTarget;
			buildConfigurationList = 18DADE9D1C05A06C00485CA5 /* Build configuration list for PBXNativeTarget "绘图——进度条UITests" */;
			buildPhases = (
				18DADE8A1C05A06C00485CA5 /* Sources */,
				18DADE8B1C05A06C00485CA5 /* Frameworks */,
				18DADE8C1C05A06C00485CA5 /* Resources */,
			);
			buildRules = (
			);
			dependencies = (
				18DADE901C05A06C00485CA5 /* PBXTargetDependency */,
			);
			name = "绘图——进度条UITests";
			productName = "绘图——进度条UITests";
			productReference = 18DADE8E1C05A06C00485CA5 /* 绘图——进度条UITests.xctest */;
			productType = "com.apple.product-type.bundle.ui-testing";
		};
/* End PBXNativeTarget section */

/* Begin PBXProject section */
		18DADE621C05A06C00485CA5 /* Project object */ = {
			isa = PBXProject;
			attributes = {
				LastUpgradeCheck = 0710;
				ORGANIZATIONNAME = TabBarController;
				TargetAttributes = {
					18DADE691C05A06C00485CA5 = {
						CreatedOnToolsVersion = 7.1;
					};
					18DADE821C05A06C00485CA5 = {
						CreatedOnToolsVersion = 7.1;
						TestTargetID = 18DADE691C05A06C00485CA5;
					};
					18DADE8D1C05A06C00485CA5 = {
						CreatedOnToolsVersion = 7.1;
						TestTargetID = 18DADE691C05A06C00485CA5;
					};
				};
			};
			buildConfigurationList = 18DADE651C05A06C00485CA5 /* Build configuration list for PBXProject "绘图——进度条" */;
			compatibilityVersion = "Xcode 3.2";
			developmentRegion = English;
			hasScannedForEncodings = 0;
			knownRegions = (
				en,
				Base,
			);
			mainGroup = 18DADE611C05A06C00485CA5;
			productRefGroup = 18DADE6B1C05A06C00485CA5 /* Products */;
			projectDirPath = "";
			projectRoot = "";
			targets = (
				18DADE691C05A06C00485CA5 /* 绘图——进度条 */,
				18DADE821C05A06C00485CA5 /* 绘图——进度条Tests */,
				18DADE8D1C05A06C00485CA5 /* 绘图——进度条UITests */,
			);
		};
/* End PBXProject section */

/* Begin PBXResourcesBuildPhase section */
		18DADE681C05A06C00485CA5 /* Resources */ = {
			isa = PBXResourcesBuildPhase;
			buildActionMask = 2147483647;
			files = (
				18DADE7D1C05A06C00485CA5 /* LaunchScreen.storyboard in Resources */,
				18DADE7A1C05A06C00485CA5 /* Assets.xcassets in Resources */,
				18DADE781C05A06C00485CA5 /* Main.storyboard in Resources */,
			);
			runOnlyForDeploymentPostprocessing = 0;
		};
		18DADE811C05A06C00485CA5 /* Resources */ = {
			isa = PBXResourcesBuildPhase;
			buildActionMask = 2147483647;
			files = (
			);
			runOnlyForDeploymentPostprocessing = 0;
		};
		18DADE8C1C05A06C00485CA5 /* Resources */ = {
			isa = PBXResourcesBuildPhase;
			buildActionMask = 2147483647;
			files = (
			);
			runOnlyForDeploymentPostprocessing = 0;
		};
/* End PBXResourcesBuildPhase section */

/* Begin PBXSourcesBuildPhase section */
		18DADE661C05A06C00485CA5 /* Sources */ = {
			isa = PBXSourcesBuildPhase;
			buildActionMask = 2147483647;
			files = (
				18DADE751C05A06C00485CA5 /* ViewController.m in Sources */,
				18DADEA21C05A0A100485CA5 /* customView.m in Sources */,
				18DADE721C05A06C00485CA5 /* AppDelegate.m in Sources */,
				18DADE6F1C05A06C00485CA5 /* main.m in Sources */,
			);
			runOnlyForDeploymentPostprocessing = 0;
		};
		18DADE7F1C05A06C00485CA5 /* Sources */ = {
			isa = PBXSourcesBuildPhase;
			buildActionMask = 2147483647;
			files = (
				18DADE881C05A06C00485CA5 /* _______Tests.m in Sources */,
			);
			runOnlyForDeploymentPostprocessing = 0;
		};
		18DADE8A1C05A06C00485CA5 /* Sources */ = {
			isa = PBXSourcesBuildPhase;
			buildActionMask = 2147483647;
			files = (
				18DADE931C05A06C00485CA5 /* _______UITests.m in Sources */,
			);
			runOnlyForDeploymentPostprocessing = 0;
		};
/* End PBXSourcesBuildPhase section */

/* Begin PBXTargetDependency section */
		18DADE851C05A06C00485CA5 /* PBXTargetDependency */ = {
			isa = PBXTargetDependency;
			target = 18DADE691C05A06C00485CA5 /* 绘图——进度条 */;
			targetProxy = 18DADE841C05A06C00485CA5 /* PBXContainerItemProxy */;
		};
		18DADE901C05A06C00485CA5 /* PBXTargetDependency */ = {
			isa = PBXTargetDependency;
			target = 18DADE691C05A06C00485CA5 /* 绘图——进度条 */;
			targetProxy = 18DADE8F1C05A06C00485CA5 /* PBXContainerItemProxy */;
		};
/* End PBXTargetDependency section */

/* Begin PBXVariantGroup section */
		18DADE761C05A06C00485CA5 /* Main.storyboard */ = {
			isa = PBXVariantGroup;
			children = (
				18DADE771C05A06C00485CA5 /* Base */,
			);
			name = Main.storyboard;
			sourceTree = "<group>";
		};
		18DADE7B1C05A06C00485CA5 /* LaunchScreen.storyboard */ = {
			isa = PBXVariantGroup;
			children = (
				18DADE7C1C05A06C00485CA5 /* Base */,
			);
			name = LaunchScreen.storyboard;
			sourceTree = "<group>";
		};
/* End PBXVariantGroup section */

/* Begin XCBuildConfiguration section */
		18DADE951C05A06C00485CA5 /* Debug */ = {
			isa = XCBuildConfiguration;
			buildSettings = {
				ALWAYS_SEARCH_USER_PATHS = NO;
				CLANG_CXX_LANGUAGE_STANDARD = "gnu++0x";
				CLANG_CXX_LIBRARY = "libc++";
				CLANG_ENABLE_MODULES = YES;
				CLANG_ENABLE_OBJC_ARC = YES;
				CLANG_WARN_BOOL_CONVERSION = YES;
				CLANG_WARN_CONSTANT_CONVERSION = YES;
				CLANG_WARN_DIRECT_OBJC_ISA_USAGE = YES_ERROR;
				CLANG_WARN_EMPTY_BODY = YES;
				CLANG_WARN_ENUM_CONVERSION = YES;
				CLANG_WARN_INT_CONVERSION = YES;
				CLANG_WARN_OBJC_ROOT_CLASS = YES_ERROR;
				CLANG_WARN_UNREACHABLE_CODE = YES;
				CLANG_WARN__DUPLICATE_METHOD_MATCH = YES;
				"CODE_SIGN_IDENTITY[sdk=iphoneos*]" = "iPhone Developer";
				COPY_PHASE_STRIP = NO;
				DEBUG_INFORMATION_FORMAT = dwarf;
				ENABLE_STRICT_OBJC_MSGSEND = YES;
				ENABLE_TESTABILITY = YES;
				GCC_C_LANGUAGE_STANDARD = gnu99;
				GCC_DYNAMIC_NO_PIC = NO;
				GCC_NO_COMMON_BLOCKS = YES;
				GCC_OPTIMIZATION_LEVEL = 0;
				GCC_PREPROCESSOR_DEFINITIONS = (
					"DEBUG=1",
					"$(inherited)",
				);
				GCC_WARN_64_TO_32_BIT_CONVERSION = YES;
				GCC_WARN_ABOUT_RETURN_TYPE = YES_ERROR;
				GCC_WARN_UNDECLARED_SELECTOR = YES;
				GCC_WARN_UNINITIALIZED_AUTOS = YES_AGGRESSIVE;
				GCC_WARN_UNUSED_FUNCTION = YES;
				GCC_WARN_UNUSED_VARIABLE = YES;
				IPHONEOS_DEPLOYMENT_TARGET = 9.1;
				MTL_ENABLE_DEBUG_INFO = YES;
				ONLY_ACTIVE_ARCH = YES;
				SDKROOT = iphoneos;
			};
			name = Debug;
		};
		18DADE961C05A06C00485CA5 /* Release */ = {
			isa = XCBuildConfiguration;
			buildSettings = {
				ALWAYS_SEARCH_USER_PATHS = NO;
				CLANG_CXX_LANGUAGE_STANDARD = "gnu++0x";
				CLANG_CXX_LIBRARY = "libc++";
				CLANG_ENABLE_MODULES = YES;
				CLANG_ENABLE_OBJC_ARC = YES;
				CLANG_WARN_BOOL_CONVERSION = YES;
				CLANG_WARN_CONSTANT_CONVERSION = YES;
				CLANG_WARN_DIRECT_OBJC_ISA_USAGE = YES_ERROR;
				CLANG_WARN_EMPTY_BODY = YES;
				CLANG_WARN_ENUM_CONVERSION = YES;
				CLANG_WARN_INT_CONVERSION = YES;
				CLANG_WARN_OBJC_ROOT_CLASS = YES_ERROR;
				CLANG_WARN_UNREACHABLE_CODE = YES;
				CLANG_WARN__DUPLICATE_METHOD_MATCH = YES;
				"CODE_SIGN_IDENTITY[sdk=iphoneos*]" = "iPhone Developer";
				COPY_PHASE_STRIP = NO;
				DEBUG_INFORMATION_FORMAT = "dwarf-with-dsym";
				ENABLE_NS_ASSERTIONS = NO;
				ENABLE_STRICT_OBJC_MSGSEND = YES;
				GCC_C_LANGUAGE_STANDARD = gnu99;
				GCC_NO_COMMON_BLOCKS = YES;
				GCC_WARN_64_TO_32_BIT_CONVERSION = YES;
				GCC_WARN_ABOUT_RETURN_TYPE = YES_ERROR;
				GCC_WARN_UNDECLARED_SELECTOR = YES;
				GCC_WARN_UNINITIALIZED_AUTOS = YES_AGGRESSIVE;
				GCC_WARN_UNUSED_FUNCTION = YES;
				GCC_WARN_UNUSED_VARIABLE = YES;
				IPHONEOS_DEPLOYMENT_TARGET = 9.1;
				MTL_ENABLE_DEBUG_INFO = NO;
				SDKROOT = iphoneos;
				VALIDATE_PRODUCT = YES;
			};
			name = Release;
		};
		18DADE981C05A06C00485CA5 /* Debug */ = {
			isa = XCBuildConfiguration;
			buildSettings = {
				ASSETCATALOG_COMPILER_APPICON_NAME = AppIcon;
				INFOPLIST_FILE = "绘图——进度条/Info.plist";
				LD_RUNPATH_SEARCH_PATHS = "$(inherited) @executable_path/Frameworks";
				PRODUCT_BUNDLE_IDENTIFIER = "com..-------";
				PRODUCT_NAME = "$(TARGET_NAME)";
			};
			name = Debug;
		};
		18DADE991C05A06C00485CA5 /* Release */ = {
			isa = XCBuildConfiguration;
			buildSettings = {
				ASSETCATALOG_COMPILER_APPICON_NAME = AppIcon;
				INFOPLIST_FILE = "绘图——进度条/Info.plist";
				LD_RUNPATH_SEARCH_PATHS = "$(inherited) @executable_path/Frameworks";
				PRODUCT_BUNDLE_IDENTIFIER = "com..-------";
				PRODUCT_NAME = "$(TARGET_NAME)";
			};
			name = Release;
		};
		18DADE9B1C05A06C00485CA5 /* Debug */ = {
			isa = XCBuildConfiguration;
			buildSettings = {
				BUNDLE_LOADER = "$(TEST_HOST)";
				INFOPLIST_FILE = "绘图——进度条Tests/Info.plist";
				LD_RUNPATH_SEARCH_PATHS = "$(inherited) @executable_path/Frameworks @loader_path/Frameworks";
				PRODUCT_BUNDLE_IDENTIFIER = "com..-------Tests";
				PRODUCT_NAME = "$(TARGET_NAME)";
				TEST_HOST = "$(BUILT_PRODUCTS_DIR)/绘图——进度条.app/绘图——进度条";
			};
			name = Debug;
		};
		18DADE9C1C05A06C00485CA5 /* Release */ = {
			isa = XCBuildConfiguration;
			buildSettings = {
				BUNDLE_LOADER = "$(TEST_HOST)";
				INFOPLIST_FILE = "绘图——进度条Tests/Info.plist";
				LD_RUNPATH_SEARCH_PATHS = "$(inherited) @executable_path/Frameworks @loader_path/Frameworks";
				PRODUCT_BUNDLE_IDENTIFIER = "com..-------Tests";
				PRODUCT_NAME = "$(TARGET_NAME)";
				TEST_HOST = "$(BUILT_PRODUCTS_DIR)/绘图——进度条.app/绘图——进度条";
			};
			name = Release;
		};
		18DADE9E1C05A06C00485CA5 /* Debug */ = {
			isa = XCBuildConfiguration;
			buildSettings = {
				INFOPLIST_FILE = "绘图——进度条UITests/Info.plist";
				LD_RUNPATH_SEARCH_PATHS = "$(inherited) @executable_path/Frameworks @loader_path/Frameworks";
				PRODUCT_BUNDLE_IDENTIFIER = "com..-------UITests";
				PRODUCT_NAME = "$(TARGET_NAME)";
				TEST_TARGET_NAME = "绘图——进度条";
				USES_XCTRUNNER = YES;
			};
			name = Debug;
		};
		18DADE9F1C05A06C00485CA5 /* Release */ = {
			isa = XCBuildConfiguration;
			buildSettings = {
				INFOPLIST_FILE = "绘图——进度条UITests/Info.plist";
				LD_RUNPATH_SEARCH_PATHS = "$(inherited) @executable_path/Frameworks @loader_path/Frameworks";
				PRODUCT_BUNDLE_IDENTIFIER = "com..-------UITests";
				PRODUCT_NAME = "$(TARGET_NAME)";
				TEST_TARGET_NAME = "绘图——进度条";
				USES_XCTRUNNER = YES;
			};
			name = Release;
		};
/* End XCBuildConfiguration section */

/* Begin XCConfigurationList section */
		18DADE651C05A06C00485CA5 /* Build configuration list for PBXProject "绘图——进度条" */ = {
			isa = XCConfigurationList;
			buildConfigurations = (
				18DADE951C05A06C00485CA5 /* Debug */,
				18DADE961C05A06C00485CA5 /* Release */,
			);
			defaultConfigurationIsVisible = 0;
			defaultConfigurationName = Release;
		};
		18DADE971C05A06C00485CA5 /* Build configuration list for PBXNativeTarget "绘图——进度条" */ = {
			isa = XCConfigurationList;
			buildConfigurations = (
				18DADE981C05A06C00485CA5 /* Debug */,
				18DADE991C05A06C00485CA5 /* Release */,
			);
			defaultConfigurationIsVisible = 0;
		};
		18DADE9A1C05A06C00485CA5 /* Build configuration list for PBXNativeTarget "绘图——进度条Tests" */ = {
			isa = XCConfigurationList;
			buildConfigurations = (
				18DADE9B1C05A06C00485CA5 /* Debug */,
				18DADE9C1C05A06C00485CA5 /* Release */,
			);
			defaultConfigurationIsVisible = 0;
		};
		18DADE9D1C05A06C00485CA5 /* Build configuration list for PBXNativeTarget "绘图——进度条UITests" */ = {
			isa = XCConfigurationList;
			buildConfigurations = (
				18DADE9E1C05A06C00485CA5 /* Debug */,
				18DADE9F1C05A06C00485CA5 /* Release */,
			);
			defaultConfigurationIsVisible = 0;
		};
/* End XCConfigurationList section */
	};
	rootObject = 18DADE621C05A06C00485CA5 /* Project object */;
}
